github.com/KiraTeresa/dog v0.0.0-20251009055154-d61d1c8cba8f h1:pKPir51Dg0o2SEWt3KSb5F1R9y40UjcsAYb8rEXNHEY=
github.com/KiraTeresa/dog v0.0.0-20251009055154-d61d1c8cba8f/go.mod h1:EolzUNdphhGY9Gu3iclZ2dxxkILZorEw7IbbmUwqT6c=
github.com/KiraTeresa/dog v1.0.0 h1:+Xw1zZyviu3gYwRhtuIz857cTfV7fFvysCkuHJTQArI=
github.com/KiraTeresa/dog v1.0.0/go.mod h1:EolzUNdphhGY9Gu3iclZ2dxxkILZorEw7IbbmUwqT6c=
